
Microsoft Visual Studio Solution File, Format Version 12.00
# Visual Studio Version 16
VisualStudioVersion = 16.0.31624.102
MinimumVisualStudioVersion = 10.0.40219.1
Project("{9A19103F-16F7-4668-BE54-9A1E7A4F7556}") = "ProyRepositorio", "ProyRepositorio.csproj", "{2ED98525-3E17-4A70-885A-42FFBB3D5687}"
EndProject
Global
	GlobalSection(SolutionConfigurationPlatforms) = preSolution
		Debug|Any CPU = Debug|Any CPU
		Release|Any CPU = Release|Any CPU
	EndGlobalSection
	GlobalSection(ProjectConfigurationPlatforms) = postSolution
		{2ED98525-3E17-4A70-885A-42FFBB3D5687}.Debug|Any CPU.ActiveCfg = Debug|Any CPU
		{2ED98525-3E17-4A70-885A-42FFBB3D5687}.Debug|Any CPU.Build.0 = Debug|Any CPU
		{2ED98525-3E17-4A70-885A-42FFBB3D5687}.Release|Any CPU.ActiveCfg = Release|Any CPU
		{2ED98525-3E17-4A70-885A-42FFBB3D5687}.Release|Any CPU.Build.0 = Release|Any CPU
	EndGlobalSection
	GlobalSection(SolutionProperties) = preSolution
		HideSolutionNode = FALSE
	EndGlobalSection
	GlobalSection(ExtensibilityGlobals) = postSolution
		SolutionGuid = {DEFBA5CA-40B9-4C7C-9CD9-81C6AC0B90FA}
	EndGlobalSection
EndGlobal
